// !$*UTF8*$!
{
	archiveVersion = 1;
	classes = {
	};
	objectVersion = 56;
	objects = {

/* Begin PBXBuildFile section */
		71A51CB62B08D04700972E10 /* ShareItApp.swift in Sources */ = {isa = PBXBuildFile; fileRef = 71A51CB52B08D04700972E10 /* ShareItApp.swift */; };
		71A51CB82B08D04700972E10 /* ContentView.swift in Sources */ = {isa = PBXBuildFile; fileRef = 71A51CB72B08D04700972E10 /* ContentView.swift */; };
		71A51CBA2B08D04800972E10 /* Assets.xcassets in Resources */ = {isa = PBXBuildFile; fileRef = 71A51CB92B08D04800972E10 /* Assets.xcassets */; };
		71A51CBD2B08D04800972E10 /* Preview Assets.xcassets in Resources */ = {isa = PBXBuildFile; fileRef = 71A51CBC2B08D04800972E10 /* Preview Assets.xcassets */; };
		71A51CC42B08E07E00972E10 /* WelcomeScreenView.swift in Sources */ = {isa = PBXBuildFile; fileRef = 71A51CC32B08E07E00972E10 /* WelcomeScreenView.swift */; };
		71A51CCE2B08F2C500972E10 /* RoleSelectionView.swift in Sources */ = {isa = PBXBuildFile; fileRef = 71A51CCD2B08F2C500972E10 /* RoleSelectionView.swift */; };
		71A51CD02B0A9DC100972E10 /* InfluencerEnterDetailsView.swift in Sources */ = {isa = PBXBuildFile; fileRef = 71A51CCF2B0A9DC100972E10 /* InfluencerEnterDetailsView.swift */; };
		71A51CD22B0AA2EC00972E10 /* InfluencerChooseNicheView.swift in Sources */ = {isa = PBXBuildFile; fileRef = 71A51CD12B0AA2EC00972E10 /* InfluencerChooseNicheView.swift */; };
		71A51CD42B0AA85600972E10 /* InfluencerUploadProfilePhotoView.swift in Sources */ = {isa = PBXBuildFile; fileRef = 71A51CD32B0AA85600972E10 /* InfluencerUploadProfilePhotoView.swift */; };
		71A51CD62B0AB19F00972E10 /* HomeScreenView.swift in Sources */ = {isa = PBXBuildFile; fileRef = 71A51CD52B0AB19F00972E10 /* HomeScreenView.swift */; };
		71A51CD82B0BECA900972E10 /* InfluencerHomeView.swift in Sources */ = {isa = PBXBuildFile; fileRef = 71A51CD72B0BECA900972E10 /* InfluencerHomeView.swift */; };
		71A51CDA2B0E8D0800972E10 /* static in Resources */ = {isa = PBXBuildFile; fileRef = 71A51CD92B0E8D0800972E10 /* static */; };
		71A51CDD2B0EA4E300972E10 /* InfluencerDashboardView.swift in Sources */ = {isa = PBXBuildFile; fileRef = 71A51CDC2B0EA4E300972E10 /* InfluencerDashboardView.swift */; };
		71A51CDF2B0F72A000972E10 /* InfluencerMessageView.swift in Sources */ = {isa = PBXBuildFile; fileRef = 71A51CDE2B0F72A000972E10 /* InfluencerMessageView.swift */; };
		71A51CE12B10A88A00972E10 /* OrderScreenView.swift in Sources */ = {isa = PBXBuildFile; fileRef = 71A51CE02B10A88A00972E10 /* OrderScreenView.swift */; };
		71A51CE32B264DD300972E10 /* OrderDetailsView.swift in Sources */ = {isa = PBXBuildFile; fileRef = 71A51CE22B264DD300972E10 /* OrderDetailsView.swift */; };
		71D953E52B4049CD00EB81FB /* MainTabView.swift in Sources */ = {isa = PBXBuildFile; fileRef = 71D953E42B4049CD00EB81FB /* MainTabView.swift */; };
		71D953E72B436FCD00EB81FB /* AppViewModel.swift in Sources */ = {isa = PBXBuildFile; fileRef = 71D953E62B436FCD00EB81FB /* AppViewModel.swift */; };
		71D953E92B46B99A00EB81FB /* Company.swift in Sources */ = {isa = PBXBuildFile; fileRef = 71D953E82B46B99A00EB81FB /* Company.swift */; };
		71F1E3062B3B2DF200FBC53D /* Influencer.swift in Sources */ = {isa = PBXBuildFile; fileRef = 71F1E3052B3B2DF200FBC53D /* Influencer.swift */; };
		71F1E30A2B3B2FE400FBC53D /* Tip.swift in Sources */ = {isa = PBXBuildFile; fileRef = 71F1E3092B3B2FE400FBC53D /* Tip.swift */; };
		71F1E30C2B3B305900FBC53D /* Campaign.swift in Sources */ = {isa = PBXBuildFile; fileRef = 71F1E30B2B3B305900FBC53D /* Campaign.swift */; };
		71F1E30E2B3B4EB200FBC53D /* Order.swift in Sources */ = {isa = PBXBuildFile; fileRef = 71F1E30D2B3B4EB200FBC53D /* Order.swift */; };
		71F1E3102B3B6A6200FBC53D /* AnalyticsItem.swift in Sources */ = {isa = PBXBuildFile; fileRef = 71F1E30F2B3B6A6200FBC53D /* AnalyticsItem.swift */; };
		71F1E3122B3C23D800FBC53D /* Promotion.swift in Sources */ = {isa = PBXBuildFile; fileRef = 71F1E3112B3C23D800FBC53D /* Promotion.swift */; };
		71F1E3142B3C30AF00FBC53D /* DateFormatterUtility.swift in Sources */ = {isa = PBXBuildFile; fileRef = 71F1E3132B3C30AF00FBC53D /* DateFormatterUtility.swift */; };
/* End PBXBuildFile section */

/* Begin PBXFileReference section */
		71A51CB22B08D04700972E10 /* ShareIt.app */ = {isa = PBXFileReference; explicitFileType = wrapper.application; includeInIndex = 0; path = ShareIt.app; sourceTree = BUILT_PRODUCTS_DIR; };
		71A51CB52B08D04700972E10 /* ShareItApp.swift */ = {isa = PBXFileReference; lastKnownFileType = sourcecode.swift; path = ShareItApp.swift; sourceTree = "<group>"; };
		71A51CB72B08D04700972E10 /* ContentView.swift */ = {isa = PBXFileReference; lastKnownFileType = sourcecode.swift; path = ContentView.swift; sourceTree = "<group>"; };
		71A51CB92B08D04800972E10 /* Assets.xcassets */ = {isa = PBXFileReference; lastKnownFileType = folder.assetcatalog; path = Assets.xcassets; sourceTree = "<group>"; };
		71A51CBC2B08D04800972E10 /* Preview Assets.xcassets */ = {isa = PBXFileReference; lastKnownFileType = folder.assetcatalog; path = "Preview Assets.xcassets"; sourceTree = "<group>"; };
		71A51CC32B08E07E00972E10 /* WelcomeScreenView.swift */ = {isa = PBXFileReference; lastKnownFileType = sourcecode.swift; path = WelcomeScreenView.swift; sourceTree = "<group>"; };
		71A51CCD2B08F2C500972E10 /* RoleSelectionView.swift */ = {isa = PBXFileReference; lastKnownFileType = sourcecode.swift; path = RoleSelectionView.swift; sourceTree = "<group>"; };
		71A51CCF2B0A9DC100972E10 /* InfluencerEnterDetailsView.swift */ = {isa = PBXFileReference; lastKnownFileType = sourcecode.swift; path = InfluencerEnterDetailsView.swift; sourceTree = "<group>"; };
		71A51CD12B0AA2EC00972E10 /* InfluencerChooseNicheView.swift */ = {isa = PBXFileReference; lastKnownFileType = sourcecode.swift; path = InfluencerChooseNicheView.swift; sourceTree = "<group>"; };
		71A51CD32B0AA85600972E10 /* InfluencerUploadProfilePhotoView.swift */ = {isa = PBXFileReference; lastKnownFileType = sourcecode.swift; path = InfluencerUploadProfilePhotoView.swift; sourceTree = "<group>"; };
		71A51CD52B0AB19F00972E10 /* HomeScreenView.swift */ = {isa = PBXFileReference; lastKnownFileType = sourcecode.swift; path = HomeScreenView.swift; sourceTree = "<group>"; };
		71A51CD72B0BECA900972E10 /* InfluencerHomeView.swift */ = {isa = PBXFileReference; lastKnownFileType = sourcecode.swift; path = InfluencerHomeView.swift; sourceTree = "<group>"; };
		71A51CD92B0E8D0800972E10 /* static */ = {isa = PBXFileReference; lastKnownFileType = folder; path = static; sourceTree = "<group>"; };
		71A51CDB2B0E8D6200972E10 /* Info.plist */ = {isa = PBXFileReference; lastKnownFileType = text.plist; path = Info.plist; sourceTree = "<group>"; };
		71A51CDC2B0EA4E300972E10 /* InfluencerDashboardView.swift */ = {isa = PBXFileReference; lastKnownFileType = sourcecode.swift; path = InfluencerDashboardView.swift; sourceTree = "<group>"; };
		71A51CDE2B0F72A000972E10 /* InfluencerMessageView.swift */ = {isa = PBXFileReference; lastKnownFileType = sourcecode.swift; path = InfluencerMessageView.swift; sourceTree = "<group>"; };
		71A51CE02B10A88A00972E10 /* OrderScreenView.swift */ = {isa = PBXFileReference; lastKnownFileType = sourcecode.swift; path = OrderScreenView.swift; sourceTree = "<group>"; };
		71A51CE22B264DD300972E10 /* OrderDetailsView.swift */ = {isa = PBXFileReference; lastKnownFileType = sourcecode.swift; path = OrderDetailsView.swift; sourceTree = "<group>"; };
		71D953E42B4049CD00EB81FB /* MainTabView.swift */ = {isa = PBXFileReference; lastKnownFileType = sourcecode.swift; path = MainTabView.swift; sourceTree = "<group>"; };
		71D953E62B436FCD00EB81FB /* AppViewModel.swift */ = {isa = PBXFileReference; lastKnownFileType = sourcecode.swift; path = AppViewModel.swift; sourceTree = "<group>"; };
		71D953E82B46B99A00EB81FB /* Company.swift */ = {isa = PBXFileReference; lastKnownFileType = sourcecode.swift; path = Company.swift; sourceTree = "<group>"; };
		71F1E3052B3B2DF200FBC53D /* Influencer.swift */ = {isa = PBXFileReference; lastKnownFileType = sourcecode.swift; path = Influencer.swift; sourceTree = "<group>"; };
		71F1E3092B3B2FE400FBC53D /* Tip.swift */ = {isa = PBXFileReference; lastKnownFileType = sourcecode.swift; path = Tip.swift; sourceTree = "<group>"; };
		71F1E30B2B3B305900FBC53D /* Campaign.swift */ = {isa = PBXFileReference; lastKnownFileType = sourcecode.swift; path = Campaign.swift; sourceTree = "<group>"; };
		71F1E30D2B3B4EB200FBC53D /* Order.swift */ = {isa = PBXFileReference; lastKnownFileType = sourcecode.swift; path = Order.swift; sourceTree = "<group>"; };
		71F1E30F2B3B6A6200FBC53D /* AnalyticsItem.swift */ = {isa = PBXFileReference; lastKnownFileType = sourcecode.swift; path = AnalyticsItem.swift; sourceTree = "<group>"; };
		71F1E3112B3C23D800FBC53D /* Promotion.swift */ = {isa = PBXFileReference; lastKnownFileType = sourcecode.swift; path = Promotion.swift; sourceTree = "<group>"; };
		71F1E3132B3C30AF00FBC53D /* DateFormatterUtility.swift */ = {isa = PBXFileReference; lastKnownFileType = sourcecode.swift; path = DateFormatterUtility.swift; sourceTree = "<group>"; };
/* End PBXFileReference section */

/* Begin PBXFrameworksBuildPhase section */
		71A51CAF2B08D04700972E10 /* Frameworks */ = {
			isa = PBXFrameworksBuildPhase;
			buildActionMask = 2147483647;
			files = (
			);
			runOnlyForDeploymentPostprocessing = 0;
		};
/* End PBXFrameworksBuildPhase section */

/* Begin PBXGroup section */
		71A51CA92B08D04700972E10 = {
			isa = PBXGroup;
			children = (
				71A51CD92B0E8D0800972E10 /* static */,
				71A51CB42B08D04700972E10 /* ShareIt */,
				71A51CB32B08D04700972E10 /* Products */,
			);
			sourceTree = "<group>";
		};
		71A51CB32B08D04700972E10 /* Products */ = {
			isa = PBXGroup;
			children = (
				71A51CB22B08D04700972E10 /* ShareIt.app */,
			);
			name = Products;
			sourceTree = "<group>";
		};
		71A51CB42B08D04700972E10 /* ShareIt */ = {
			isa = PBXGroup;
			children = (
				71D953E32B40499A00EB81FB /* Components */,
				71A51CDB2B0E8D6200972E10 /* Info.plist */,
				71A51CCC2B08E1B000972E10 /* Resources */,
				71A51CCA2B08E14A00972E10 /* Utilities */,
				71A51CC92B08E14400972E10 /* Services */,
				71A51CC82B08E13D00972E10 /* Controllers */,
				71A51CC72B08E13300972E10 /* Models */,
				71A51CC62B08E12000972E10 /* ViewModels */,
				71A51CC52B08E11400972E10 /* Views */,
				71A51CB52B08D04700972E10 /* ShareItApp.swift */,
				71A51CBB2B08D04800972E10 /* Preview Content */,
			);
			path = ShareIt;
			sourceTree = "<group>";
		};
		71A51CBB2B08D04800972E10 /* Preview Content */ = {
			isa = PBXGroup;
			children = (
				71A51CBC2B08D04800972E10 /* Preview Assets.xcassets */,
			);
			path = "Preview Content";
			sourceTree = "<group>";
		};
		71A51CC52B08E11400972E10 /* Views */ = {
			isa = PBXGroup;
			children = (
				71A51CC32B08E07E00972E10 /* WelcomeScreenView.swift */,
				71A51CB72B08D04700972E10 /* ContentView.swift */,
				71A51CCD2B08F2C500972E10 /* RoleSelectionView.swift */,
				71A51CCF2B0A9DC100972E10 /* InfluencerEnterDetailsView.swift */,
				71A51CD12B0AA2EC00972E10 /* InfluencerChooseNicheView.swift */,
				71A51CD32B0AA85600972E10 /* InfluencerUploadProfilePhotoView.swift */,
				71A51CD52B0AB19F00972E10 /* HomeScreenView.swift */,
				71A51CD72B0BECA900972E10 /* InfluencerHomeView.swift */,
				71A51CDC2B0EA4E300972E10 /* InfluencerDashboardView.swift */,
				71A51CDE2B0F72A000972E10 /* InfluencerMessageView.swift */,
				71A51CE02B10A88A00972E10 /* OrderScreenView.swift */,
				71A51CE22B264DD300972E10 /* OrderDetailsView.swift */,
			);
			path = Views;
			sourceTree = "<group>";
		};
		71A51CC62B08E12000972E10 /* ViewModels */ = {
			isa = PBXGroup;
			children = (
				71D953E62B436FCD00EB81FB /* AppViewModel.swift */,
			);
			path = ViewModels;
			sourceTree = "<group>";
		};
		71A51CC72B08E13300972E10 /* Models */ = {
			isa = PBXGroup;
			children = (
				71F1E3052B3B2DF200FBC53D /* Influencer.swift */,
				71F1E3092B3B2FE400FBC53D /* Tip.swift */,
				71F1E30B2B3B305900FBC53D /* Campaign.swift */,
				71F1E30D2B3B4EB200FBC53D /* Order.swift */,
				71F1E30F2B3B6A6200FBC53D /* AnalyticsItem.swift */,
				71F1E3112B3C23D800FBC53D /* Promotion.swift */,
				71D953E82B46B99A00EB81FB /* Company.swift */,
			);
			path = Models;
			sourceTree = "<group>";
		};
		71A51CC82B08E13D00972E10 /* Controllers */ = {
			isa = PBXGroup;
			children = (
			);
			path = Controllers;
			sourceTree = "<group>";
		};
		71A51CC92B08E14400972E10 /* Services */ = {
			isa = PBXGroup;
			children = (
			);
			path = Services;
			sourceTree = "<group>";
		};
		71A51CCA2B08E14A00972E10 /* Utilities */ = {
			isa = PBXGroup;
			children = (
				71F1E3132B3C30AF00FBC53D /* DateFormatterUtility.swift */,
			);
			path = Utilities;
			sourceTree = "<group>";
		};
		71A51CCC2B08E1B000972E10 /* Resources */ = {
			isa = PBXGroup;
			children = (
				71A51CB92B08D04800972E10 /* Assets.xcassets */,
			);
			path = Resources;
			sourceTree = "<group>";
		};
		71D953E32B40499A00EB81FB /* Components */ = {
			isa = PBXGroup;
			children = (
				71D953E42B4049CD00EB81FB /* MainTabView.swift */,
			);
			path = Components;
			sourceTree = "<group>";
		};
/* End PBXGroup section */

/* Begin PBXNativeTarget section */
		71A51CB12B08D04700972E10 /* ShareIt */ = {
			isa = PBXNativeTarget;
			buildConfigurationList = 71A51CC02B08D04800972E10 /* Build configuration list for PBXNativeTarget "ShareIt" */;
			buildPhases = (
				71A51CAE2B08D04700972E10 /* Sources */,
				71A51CAF2B08D04700972E10 /* Frameworks */,
				71A51CB02B08D04700972E10 /* Resources */,
			);
			buildRules = (
			);
			dependencies = (
			);
			name = ShareIt;
			productName = ShareIt;
			productReference = 71A51CB22B08D04700972E10 /* ShareIt.app */;
			productType = "com.apple.product-type.application";
		};
/* End PBXNativeTarget section */

/* Begin PBXProject section */
		71A51CAA2B08D04700972E10 /* Project object */ = {
			isa = PBXProject;
			attributes = {
				BuildIndependentTargetsInParallel = 1;
				LastSwiftUpdateCheck = 1500;
				LastUpgradeCheck = 1500;
				TargetAttributes = {
					71A51CB12B08D04700972E10 = {
						CreatedOnToolsVersion = 15.0.1;
					};
				};
			};
			buildConfigurationList = 71A51CAD2B08D04700972E10 /* Build configuration list for PBXProject "ShareIt" */;
			compatibilityVersion = "Xcode 14.0";
			developmentRegion = en;
			hasScannedForEncodings = 0;
			knownRegions = (
				en,
				Base,
			);
			mainGroup = 71A51CA92B08D04700972E10;
			productRefGroup = 71A51CB32B08D04700972E10 /* Products */;
			projectDirPath = "";
			projectRoot = "";
			targets = (
				71A51CB12B08D04700972E10 /* ShareIt */,
			);
		};
/* End PBXProject section */

/* Begin PBXResourcesBuildPhase section */
		71A51CB02B08D04700972E10 /* Resources */ = {
			isa = PBXResourcesBuildPhase;
			buildActionMask = 2147483647;
			files = (
				71A51CDA2B0E8D0800972E10 /* static in Resources */,
				71A51CBD2B08D04800972E10 /* Preview Assets.xcassets in Resources */,
				71A51CBA2B08D04800972E10 /* Assets.xcassets in Resources */,
			);
			runOnlyForDeploymentPostprocessing = 0;
		};
/* End PBXResourcesBuildPhase section */

/* Begin PBXSourcesBuildPhase section */
		71A51CAE2B08D04700972E10 /* Sources */ = {
			isa = PBXSourcesBuildPhase;
			buildActionMask = 2147483647;
			files = (
				71A51CC42B08E07E00972E10 /* WelcomeScreenView.swift in Sources */,
				71A51CD42B0AA85600972E10 /* InfluencerUploadProfilePhotoView.swift in Sources */,
				71A51CCE2B08F2C500972E10 /* RoleSelectionView.swift in Sources */,
				71F1E3142B3C30AF00FBC53D /* DateFormatterUtility.swift in Sources */,
				71A51CE12B10A88A00972E10 /* OrderScreenView.swift in Sources */,
				71A51CD62B0AB19F00972E10 /* HomeScreenView.swift in Sources */,
				71A51CD02B0A9DC100972E10 /* InfluencerEnterDetailsView.swift in Sources */,
				71F1E30E2B3B4EB200FBC53D /* Order.swift in Sources */,
				71D953E72B436FCD00EB81FB /* AppViewModel.swift in Sources */,
				71F1E3102B3B6A6200FBC53D /* AnalyticsItem.swift in Sources */,
				71A51CD22B0AA2EC00972E10 /* InfluencerChooseNicheView.swift in Sources */,
				71A51CDD2B0EA4E300972E10 /* InfluencerDashboardView.swift in Sources */,
				71D953E52B4049CD00EB81FB /* MainTabView.swift in Sources */,
				71A51CB82B08D04700972E10 /* ContentView.swift in Sources */,
				71F1E30C2B3B305900FBC53D /* Campaign.swift in Sources */,
				71A51CDF2B0F72A000972E10 /* InfluencerMessageView.swift in Sources */,
				71A51CB62B08D04700972E10 /* ShareItApp.swift in Sources */,
				71A51CE32B264DD300972E10 /* OrderDetailsView.swift in Sources */,
				71D953E92B46B99A00EB81FB /* Company.swift in Sources */,
				71F1E30A2B3B2FE400FBC53D /* Tip.swift in Sources */,
				71F1E3122B3C23D800FBC53D /* Promotion.swift in Sources */,
				71F1E3062B3B2DF200FBC53D /* Influencer.swift in Sources */,
				71A51CD82B0BECA900972E10 /* InfluencerHomeView.swift in Sources */,
			);
			runOnlyForDeploymentPostprocessing = 0;
		};
/* End PBXSourcesBuildPhase section */

/* Begin XCBuildConfiguration section */
		71A51CBE2B08D04800972E10 /* Debug */ = {
			isa = XCBuildConfiguration;
			buildSettings = {
				ALWAYS_SEARCH_USER_PATHS = NO;
				ASSETCATALOG_COMPILER_GENERATE_SWIFT_ASSET_SYMBOL_EXTENSIONS = YES;
				CLANG_ANALYZER_NONNULL = YES;
				CLANG_ANALYZER_NUMBER_OBJECT_CONVERSION = YES_AGGRESSIVE;
				CLANG_CXX_LANGUAGE_STANDARD = "gnu++20";
				CLANG_ENABLE_MODULES = YES;
				CLANG_ENABLE_OBJC_ARC = YES;
				CLANG_ENABLE_OBJC_WEAK = YES;
				CLANG_WARN_BLOCK_CAPTURE_AUTORELEASING = YES;
				CLANG_WARN_BOOL_CONVERSION = YES;
				CLANG_WARN_COMMA = YES;
				CLANG_WARN_CONSTANT_CONVERSION = YES;
				CLANG_WARN_DEPRECATED_OBJC_IMPLEMENTATIONS = YES;
				CLANG_WARN_DIRECT_OBJC_ISA_USAGE = YES_ERROR;
				CLANG_WARN_DOCUMENTATION_COMMENTS = YES;
				CLANG_WARN_EMPTY_BODY = YES;
				CLANG_WARN_ENUM_CONVERSION = YES;
				CLANG_WARN_INFINITE_RECURSION = YES;
				CLANG_WARN_INT_CONVERSION = YES;
				CLANG_WARN_NON_LITERAL_NULL_CONVERSION = YES;
				CLANG_WARN_OBJC_IMPLICIT_RETAIN_SELF = YES;
				CLANG_WARN_OBJC_LITERAL_CONVERSION = YES;
				CLANG_WARN_OBJC_ROOT_CLASS = YES_ERROR;
				CLANG_WARN_QUOTED_INCLUDE_IN_FRAMEWORK_HEADER = YES;
				CLANG_WARN_RANGE_LOOP_ANALYSIS = YES;
				CLANG_WARN_STRICT_PROTOTYPES = YES;
				CLANG_WARN_SUSPICIOUS_MOVE = YES;
				CLANG_WARN_UNGUARDED_AVAILABILITY = YES_AGGRESSIVE;
				CLANG_WARN_UNREACHABLE_CODE = YES;
				CLANG_WARN__DUPLICATE_METHOD_MATCH = YES;
				COPY_PHASE_STRIP = NO;
				DEBUG_INFORMATION_FORMAT = dwarf;
				ENABLE_STRICT_OBJC_MSGSEND = YES;
				ENABLE_TESTABILITY = YES;
				ENABLE_USER_SCRIPT_SANDBOXING = YES;
				GCC_C_LANGUAGE_STANDARD = gnu17;
				GCC_DYNAMIC_NO_PIC = NO;
				GCC_NO_COMMON_BLOCKS = YES;
				GCC_OPTIMIZATION_LEVEL = 0;
				GCC_PREPROCESSOR_DEFINITIONS = (
					"DEBUG=1",
					"$(inherited)",
				);
				GCC_WARN_64_TO_32_BIT_CONVERSION = YES;
				GCC_WARN_ABOUT_RETURN_TYPE = YES_ERROR;
				GCC_WARN_UNDECLARED_SELECTOR = YES;
				GCC_WARN_UNINITIALIZED_AUTOS = YES_AGGRESSIVE;
				GCC_WARN_UNUSED_FUNCTION = YES;
				GCC_WARN_UNUSED_VARIABLE = YES;
				IPHONEOS_DEPLOYMENT_TARGET = 17.0;
				LOCALIZATION_PREFERS_STRING_CATALOGS = YES;
				MTL_ENABLE_DEBUG_INFO = INCLUDE_SOURCE;
				MTL_FAST_MATH = YES;
				ONLY_ACTIVE_ARCH = YES;
				SDKROOT = iphoneos;
				SWIFT_ACTIVE_COMPILATION_CONDITIONS = "DEBUG $(inherited)";
				SWIFT_OPTIMIZATION_LEVEL = "-Onone";
			};
			name = Debug;
		};
		71A51CBF2B08D04800972E10 /* Release */ = {
			isa = XCBuildConfiguration;
			buildSettings = {
				ALWAYS_SEARCH_USER_PATHS = NO;
				ASSETCATALOG_COMPILER_GENERATE_SWIFT_ASSET_SYMBOL_EXTENSIONS = YES;
				CLANG_ANALYZER_NONNULL = YES;
				CLANG_ANALYZER_NUMBER_OBJECT_CONVERSION = YES_AGGRESSIVE;
				CLANG_CXX_LANGUAGE_STANDARD = "gnu++20";
				CLANG_ENABLE_MODULES = YES;
				CLANG_ENABLE_OBJC_ARC = YES;
				CLANG_ENABLE_OBJC_WEAK = YES;
				CLANG_WARN_BLOCK_CAPTURE_AUTORELEASING = YES;
				CLANG_WARN_BOOL_CONVERSION = YES;
				CLANG_WARN_COMMA = YES;
				CLANG_WARN_CONSTANT_CONVERSION = YES;
				CLANG_WARN_DEPRECATED_OBJC_IMPLEMENTATIONS = YES;
				CLANG_WARN_DIRECT_OBJC_ISA_USAGE = YES_ERROR;
				CLANG_WARN_DOCUMENTATION_COMMENTS = YES;
				CLANG_WARN_EMPTY_BODY = YES;
				CLANG_WARN_ENUM_CONVERSION = YES;
				CLANG_WARN_INFINITE_RECURSION = YES;
				CLANG_WARN_INT_CONVERSION = YES;
				CLANG_WARN_NON_LITERAL_NULL_CONVERSION = YES;
				CLANG_WARN_OBJC_IMPLICIT_RETAIN_SELF = YES;
				CLANG_WARN_OBJC_LITERAL_CONVERSION = YES;
				CLANG_WARN_OBJC_ROOT_CLASS = YES_ERROR;
				CLANG_WARN_QUOTED_INCLUDE_IN_FRAMEWORK_HEADER = YES;
				CLANG_WARN_RANGE_LOOP_ANALYSIS = YES;
				CLANG_WARN_STRICT_PROTOTYPES = YES;
				CLANG_WARN_SUSPICIOUS_MOVE = YES;
				CLANG_WARN_UNGUARDED_AVAILABILITY = YES_AGGRESSIVE;
				CLANG_WARN_UNREACHABLE_CODE = YES;
				CLANG_WARN__DUPLICATE_METHOD_MATCH = YES;
				COPY_PHASE_STRIP = NO;
				DEBUG_INFORMATION_FORMAT = "dwarf-with-dsym";
				ENABLE_NS_ASSERTIONS = NO;
				ENABLE_STRICT_OBJC_MSGSEND = YES;
				ENABLE_USER_SCRIPT_SANDBOXING = YES;
				GCC_C_LANGUAGE_STANDARD = gnu17;
				GCC_NO_COMMON_BLOCKS = YES;
				GCC_WARN_64_TO_32_BIT_CONVERSION = YES;
				GCC_WARN_ABOUT_RETURN_TYPE = YES_ERROR;
				GCC_WARN_UNDECLARED_SELECTOR = YES;
				GCC_WARN_UNINITIALIZED_AUTOS = YES_AGGRESSIVE;
				GCC_WARN_UNUSED_FUNCTION = YES;
				GCC_WARN_UNUSED_VARIABLE = YES;
				IPHONEOS_DEPLOYMENT_TARGET = 17.0;
				LOCALIZATION_PREFERS_STRING_CATALOGS = YES;
				MTL_ENABLE_DEBUG_INFO = NO;
				MTL_FAST_MATH = YES;
				SDKROOT = iphoneos;
				SWIFT_COMPILATION_MODE = wholemodule;
				VALIDATE_PRODUCT = YES;
			};
			name = Release;
		};
		71A51CC12B08D04800972E10 /* Debug */ = {
			isa = XCBuildConfiguration;
			buildSettings = {
				ASSETCATALOG_COMPILER_APPICON_NAME = AppIcon;
				ASSETCATALOG_COMPILER_GLOBAL_ACCENT_COLOR_NAME = AccentColor;
				CODE_SIGN_STYLE = Automatic;
				CURRENT_PROJECT_VERSION = 1;
				DEVELOPMENT_ASSET_PATHS = "\"ShareIt/Preview Content\"";
				DEVELOPMENT_TEAM = N749S7QH84;
				ENABLE_PREVIEWS = YES;
				GENERATE_INFOPLIST_FILE = YES;
				INFOPLIST_FILE = ShareIt/Info.plist;
				INFOPLIST_KEY_UIApplicationSceneManifest_Generation = YES;
				INFOPLIST_KEY_UIApplicationSupportsIndirectInputEvents = YES;
				INFOPLIST_KEY_UILaunchScreen_Generation = YES;
				INFOPLIST_KEY_UISupportedInterfaceOrientations_iPad = "UIInterfaceOrientationPortrait UIInterfaceOrientationPortraitUpsideDown UIInterfaceOrientationLandscapeLeft UIInterfaceOrientationLandscapeRight";
				INFOPLIST_KEY_UISupportedInterfaceOrientations_iPhone = "UIInterfaceOrientationPortrait UIInterfaceOrientationLandscapeLeft UIInterfaceOrientationLandscapeRight";
				LD_RUNPATH_SEARCH_PATHS = (
					"$(inherited)",
					"@executable_path/Frameworks",
				);
				MARKETING_VERSION = 1.0;
				PRODUCT_BUNDLE_IDENTIFIER = DevelopmentShareIt.ShareIt;
				PRODUCT_NAME = "$(TARGET_NAME)";
				SWIFT_EMIT_LOC_STRINGS = YES;
				SWIFT_VERSION = 5.0;
				TARGETED_DEVICE_FAMILY = "1,2";
			};
			name = Debug;
		};
		71A51CC22B08D04800972E10 /* Release */ = {
			isa = XCBuildConfiguration;
			buildSettings = {
				ASSETCATALOG_COMPILER_APPICON_NAME = AppIcon;
				ASSETCATALOG_COMPILER_GLOBAL_ACCENT_COLOR_NAME = AccentColor;
				CODE_SIGN_STYLE = Automatic;
				CURRENT_PROJECT_VERSION = 1;
				DEVELOPMENT_ASSET_PATHS = "\"ShareIt/Preview Content\"";
				DEVELOPMENT_TEAM = N749S7QH84;
				ENABLE_PREVIEWS = YES;
				GENERATE_INFOPLIST_FILE = YES;
				INFOPLIST_FILE = ShareIt/Info.plist;
				INFOPLIST_KEY_UIApplicationSceneManifest_Generation = YES;
				INFOPLIST_KEY_UIApplicationSupportsIndirectInputEvents = YES;
				INFOPLIST_KEY_UILaunchScreen_Generation = YES;
				INFOPLIST_KEY_UISupportedInterfaceOrientations_iPad = "UIInterfaceOrientationPortrait UIInterfaceOrientationPortraitUpsideDown UIInterfaceOrientationLandscapeLeft UIInterfaceOrientationLandscapeRight";
				INFOPLIST_KEY_UISupportedInterfaceOrientations_iPhone = "UIInterfaceOrientationPortrait UIInterfaceOrientationLandscapeLeft UIInterfaceOrientationLandscapeRight";
				LD_RUNPATH_SEARCH_PATHS = (
					"$(inherited)",
					"@executable_path/Frameworks",
				);
				MARKETING_VERSION = 1.0;
				PRODUCT_BUNDLE_IDENTIFIER = DevelopmentShareIt.ShareIt;
				PRODUCT_NAME = "$(TARGET_NAME)";
				SWIFT_EMIT_LOC_STRINGS = YES;
				SWIFT_VERSION = 5.0;
				TARGETED_DEVICE_FAMILY = "1,2";
			};
			name = Release;
		};
/* End XCBuildConfiguration section */

/* Begin XCConfigurationList section */
		71A51CAD2B08D04700972E10 /* Build configuration list for PBXProject "ShareIt" */ = {
			isa = XCConfigurationList;
			buildConfigurations = (
				71A51CBE2B08D04800972E10 /* Debug */,
				71A51CBF2B08D04800972E10 /* Release */,
			);
			defaultConfigurationIsVisible = 0;
			defaultConfigurationName = Release;
		};
		71A51CC02B08D04800972E10 /* Build configuration list for PBXNativeTarget "ShareIt" */ = {
			isa = XCConfigurationList;
			buildConfigurations = (
				71A51CC12B08D04800972E10 /* Debug */,
				71A51CC22B08D04800972E10 /* Release */,
			);
			defaultConfigurationIsVisible = 0;
			defaultConfigurationName = Release;
		};
/* End XCConfigurationList section */
	};
	rootObject = 71A51CAA2B08D04700972E10 /* Project object */;
}
